Microsoft Visual Studio Solution File, Format Version 12.00
# Visual Studio Version 17
VisualStudioVersion = 17.4.33205.214
MinimumVisualStudioVersion = 16.0.0.0
Project("{9A19103F-16F7-4668-BE54-9A1E7A4F7556}") = "BlazorSSR.Client", "Client\BlazorSSR.Client.csproj", "{228AE77E-1853-4EBC-B9CC-708C238B0C3C}"
EndProject
Project("{9A19103F-16F7-4668-BE54-9A1E7A4F7556}") = "BlazorSSR.Server", "Server\BlazorSSR.Server.csproj", "{8B5996C4-E780-40B6-BE4A-FFE91C4F3DB9}"
EndProject
Project("{2150E333-8FDC-42A3-9474-1A3956D46DE8}") = "Solution Items", "Solution Items", "{E59E238E-6F76-4227-AD15-B8555B897AB3}"
	ProjectSection(SolutionItems) = preProject
		.gitignore = .gitignore
		README.md = README.md
	EndProjectSection
EndProject
Global
	GlobalSection(SolutionConfigurationPlatforms) = preSolution
		Debug|Any CPU = Debug|Any CPU
		Release|Any CPU = Release|Any CPU
	EndGlobalSection
	GlobalSection(ProjectConfigurationPlatforms) = postSolution
		{228AE77E-1853-4EBC-B9CC-708C238B0C3C}.Debug|Any CPU.ActiveCfg = Debug|Any CPU
		{228AE77E-1853-4EBC-B9CC-708C238B0C3C}.Debug|Any CPU.Build.0 = Debug|Any CPU
		{228AE77E-1853-4EBC-B9CC-708C238B0C3C}.Release|Any CPU.ActiveCfg = Release|Any CPU
		{228AE77E-1853-4EBC-B9CC-708C238B0C3C}.Release|Any CPU.Build.0 = Release|Any CPU
		{8B5996C4-E780-40B6-BE4A-FFE91C4F3DB9}.Debug|Any CPU.ActiveCfg = Debug|Any CPU
		{8B5996C4-E780-40B6-BE4A-FFE91C4F3DB9}.Debug|Any CPU.Build.0 = Debug|Any CPU
		{8B5996C4-E780-40B6-BE4A-FFE91C4F3DB9}.Release|Any CPU.ActiveCfg = Release|Any CPU
		{8B5996C4-E780-40B6-BE4A-FFE91C4F3DB9}.Release|Any CPU.Build.0 = Release|Any CPU
	EndGlobalSection
	GlobalSection(SolutionProperties) = preSolution
		HideSolutionNode = FALSE
	EndGlobalSection
	GlobalSection(ExtensibilityGlobals) = postSolution
		SolutionGuid = {25940A2E-E4D8-4C37-82AB-271668332FCF}
	EndGlobalSection
EndGlobal
